
Microsoft Visual Studio Solution File, Format Version 12.00
# Visual Studio Version 16
VisualStudioVersion = 16.0.31019.35
MinimumVisualStudioVersion = 10.0.40219.1
Project("{FAE04EC0-301F-11D3-BF4B-00C04F79EFBC}") = "WebApp", "WebApp.csproj", "{DD43AFEB-C930-4129-A839-51449C766BE1}"
EndProject
Global
	GlobalSection(SolutionConfigurationPlatforms) = preSolution
		Debug|Any CPU = Debug|Any CPU
		Release|Any CPU = Release|Any CPU
	EndGlobalSection
	GlobalSection(ProjectConfigurationPlatforms) = postSolution
		{DD43AFEB-C930-4129-A839-51449C766BE1}.Debug|Any CPU.ActiveCfg = Debug|Any CPU
		{DD43AFEB-C930-4129-A839-51449C766BE1}.Debug|Any CPU.Build.0 = Debug|Any CPU
		{DD43AFEB-C930-4129-A839-51449C766BE1}.Release|Any CPU.ActiveCfg = Release|Any CPU
		{DD43AFEB-C930-4129-A839-51449C766BE1}.Release|Any CPU.Build.0 = Release|Any CPU
	EndGlobalSection
	GlobalSection(SolutionProperties) = preSolution
		HideSolutionNode = FALSE
	EndGlobalSection
	GlobalSection(ExtensibilityGlobals) = postSolution
		SolutionGuid = {B4A8E135-9BEF-46F4-BA38-A7231A2BE380}
	EndGlobalSection
EndGlobal
